
Microsoft Visual Studio Solution File, Format Version 12.00
# Visual Studio Version 17
VisualStudioVersion = 17.0.31903.59
MinimumVisualStudioVersion = 10.0.40219.1
Project("{2150E333-8FDC-42A3-9474-1A3956D46DE8}") = "External", "External", "{0C130604-63F3-46A5-8352-894C54560297}"
EndProject
Project("{FAE04EC0-301F-11D3-BF4B-00C04F79EFBC}") = "Infrastructure", "External\Infrastructure\Infrastructure.csproj", "{243EAEE3-E990-4D56-878D-BCB0C982A70F}"
EndProject
Project("{FAE04EC0-301F-11D3-BF4B-00C04F79EFBC}") = "Presentation", "External\Presentation\Presentation.csproj", "{28A52831-5B8D-4374-91B6-CF97AD87A782}"
EndProject
Project("{2150E333-8FDC-42A3-9474-1A3956D46DE8}") = "Core", "Core", "{400C4D4E-7875-4D72-ACBE-77A35B67712F}"
EndProject
Project("{FAE04EC0-301F-11D3-BF4B-00C04F79EFBC}") = "Domain", "Core\Domain\Domain.csproj", "{5E9A6210-E431-4667-ABA6-D9380C82DF5A}"
EndProject
Project("{2150E333-8FDC-42A3-9474-1A3956D46DE8}") = "Tests", "Tests", "{20255956-6325-4379-B7B2-20E39A809CAB}"
EndProject
Project("{FAE04EC0-301F-11D3-BF4B-00C04F79EFBC}") = "Unit.Tests", "Tests\Unit.Tests\Unit.Tests.csproj", "{9F8AA5F0-6BCE-4345-9093-CA400528BB34}"
EndProject
Global
	GlobalSection(SolutionConfigurationPlatforms) = preSolution
		Debug|Any CPU = Debug|Any CPU
		Release|Any CPU = Release|Any CPU
	EndGlobalSection
	GlobalSection(SolutionProperties) = preSolution
		HideSolutionNode = FALSE
	EndGlobalSection
	GlobalSection(ProjectConfigurationPlatforms) = postSolution
		{243EAEE3-E990-4D56-878D-BCB0C982A70F}.Debug|Any CPU.ActiveCfg = Debug|Any CPU
		{243EAEE3-E990-4D56-878D-BCB0C982A70F}.Debug|Any CPU.Build.0 = Debug|Any CPU
		{243EAEE3-E990-4D56-878D-BCB0C982A70F}.Release|Any CPU.ActiveCfg = Release|Any CPU
		{243EAEE3-E990-4D56-878D-BCB0C982A70F}.Release|Any CPU.Build.0 = Release|Any CPU
		{28A52831-5B8D-4374-91B6-CF97AD87A782}.Debug|Any CPU.ActiveCfg = Debug|Any CPU
		{28A52831-5B8D-4374-91B6-CF97AD87A782}.Debug|Any CPU.Build.0 = Debug|Any CPU
		{28A52831-5B8D-4374-91B6-CF97AD87A782}.Release|Any CPU.ActiveCfg = Release|Any CPU
		{28A52831-5B8D-4374-91B6-CF97AD87A782}.Release|Any CPU.Build.0 = Release|Any CPU
		{5E9A6210-E431-4667-ABA6-D9380C82DF5A}.Debug|Any CPU.ActiveCfg = Debug|Any CPU
		{5E9A6210-E431-4667-ABA6-D9380C82DF5A}.Debug|Any CPU.Build.0 = Debug|Any CPU
		{5E9A6210-E431-4667-ABA6-D9380C82DF5A}.Release|Any CPU.ActiveCfg = Release|Any CPU
		{5E9A6210-E431-4667-ABA6-D9380C82DF5A}.Release|Any CPU.Build.0 = Release|Any CPU
		{9F8AA5F0-6BCE-4345-9093-CA400528BB34}.Debug|Any CPU.ActiveCfg = Debug|Any CPU
		{9F8AA5F0-6BCE-4345-9093-CA400528BB34}.Debug|Any CPU.Build.0 = Debug|Any CPU
		{9F8AA5F0-6BCE-4345-9093-CA400528BB34}.Release|Any CPU.ActiveCfg = Release|Any CPU
		{9F8AA5F0-6BCE-4345-9093-CA400528BB34}.Release|Any CPU.Build.0 = Release|Any CPU
	EndGlobalSection
	GlobalSection(NestedProjects) = preSolution
		{243EAEE3-E990-4D56-878D-BCB0C982A70F} = {0C130604-63F3-46A5-8352-894C54560297}
		{28A52831-5B8D-4374-91B6-CF97AD87A782} = {0C130604-63F3-46A5-8352-894C54560297}
		{5E9A6210-E431-4667-ABA6-D9380C82DF5A} = {400C4D4E-7875-4D72-ACBE-77A35B67712F}
		{9F8AA5F0-6BCE-4345-9093-CA400528BB34} = {20255956-6325-4379-B7B2-20E39A809CAB}
	EndGlobalSection
EndGlobal
